
Microsoft Visual Studio Solution File, Format Version 12.00
# Visual Studio Version 17
VisualStudioVersion = 17.3.32901.215
MinimumVisualStudioVersion = 10.0.40219.1
Project("{9A19103F-16F7-4668-BE54-9A1E7A4F7556}") = "TensorFlowProject", "TensorFlowProject\TensorFlowProject.csproj", "{7AA5A9E7-0501-418F-AE0B-23ACCDD7F16D}"
EndProject
Global
	GlobalSection(SolutionConfigurationPlatforms) = preSolution
		Debug|Any CPU = Debug|Any CPU
		Debug|x64 = Debug|x64
		Release|Any CPU = Release|Any CPU
		Release|x64 = Release|x64
	EndGlobalSection
	GlobalSection(ProjectConfigurationPlatforms) = postSolution
		{7AA5A9E7-0501-418F-AE0B-23ACCDD7F16D}.Debug|Any CPU.ActiveCfg = Debug|Any CPU
		{7AA5A9E7-0501-418F-AE0B-23ACCDD7F16D}.Debug|Any CPU.Build.0 = Debug|Any CPU
		{7AA5A9E7-0501-418F-AE0B-23ACCDD7F16D}.Debug|x64.ActiveCfg = Debug|x64
		{7AA5A9E7-0501-418F-AE0B-23ACCDD7F16D}.Debug|x64.Build.0 = Debug|x64
		{7AA5A9E7-0501-418F-AE0B-23ACCDD7F16D}.Release|Any CPU.ActiveCfg = Release|Any CPU
		{7AA5A9E7-0501-418F-AE0B-23ACCDD7F16D}.Release|Any CPU.Build.0 = Release|Any CPU
		{7AA5A9E7-0501-418F-AE0B-23ACCDD7F16D}.Release|x64.ActiveCfg = Release|x64
		{7AA5A9E7-0501-418F-AE0B-23ACCDD7F16D}.Release|x64.Build.0 = Release|x64
	EndGlobalSection
	GlobalSection(SolutionProperties) = preSolution
		HideSolutionNode = FALSE
	EndGlobalSection
	GlobalSection(ExtensibilityGlobals) = postSolution
		SolutionGuid = {F1A27BC1-3B82-49B5-B2B6-15F7F9C1AFB6}
	EndGlobalSection
EndGlobal
